
Microsoft Visual Studio Solution File, Format Version 12.00
# Visual Studio Express 2013 for Windows Desktop
VisualStudioVersion = 12.0.30501.0
MinimumVisualStudioVersion = 10.0.40219.1
Project("{FAE04EC0-301F-11D3-BF4B-00C04F79EFBC}") = "Shapes", "Shapes\Shapes.csproj", "{1D097DF8-B13F-404A-A20B-D1457E7F4982}"
EndProject
Project("{FAE04EC0-301F-11D3-BF4B-00C04F79EFBC}") = "BankOfKurtovoKonare", "BankOfKurtovoKonare\BankOfKurtovoKonare.csproj", "{50656796-0951-4CC9-B2E9-81C72A3D2D3F}"
EndProject
Project("{FAE04EC0-301F-11D3-BF4B-00C04F79EFBC}") = "TheSlum", "TheSlum-Skeleton\TheSlum.csproj", "{7C6F7F25-2FDB-401F-B1A9-D8CE3BB7308D}"
EndProject
Global
	GlobalSection(SolutionConfigurationPlatforms) = preSolution
		Debug|Any CPU = Debug|Any CPU
		Release|Any CPU = Release|Any CPU
	EndGlobalSection
	GlobalSection(ProjectConfigurationPlatforms) = postSolution
		{1D097DF8-B13F-404A-A20B-D1457E7F4982}.Debug|Any CPU.ActiveCfg = Debug|Any CPU
		{1D097DF8-B13F-404A-A20B-D1457E7F4982}.Debug|Any CPU.Build.0 = Debug|Any CPU
		{1D097DF8-B13F-404A-A20B-D1457E7F4982}.Release|Any CPU.ActiveCfg = Release|Any CPU
		{1D097DF8-B13F-404A-A20B-D1457E7F4982}.Release|Any CPU.Build.0 = Release|Any CPU
		{50656796-0951-4CC9-B2E9-81C72A3D2D3F}.Debug|Any CPU.ActiveCfg = Debug|Any CPU
		{50656796-0951-4CC9-B2E9-81C72A3D2D3F}.Debug|Any CPU.Build.0 = Debug|Any CPU
		{50656796-0951-4CC9-B2E9-81C72A3D2D3F}.Release|Any CPU.ActiveCfg = Release|Any CPU
		{50656796-0951-4CC9-B2E9-81C72A3D2D3F}.Release|Any CPU.Build.0 = Release|Any CPU
		{7C6F7F25-2FDB-401F-B1A9-D8CE3BB7308D}.Debug|Any CPU.ActiveCfg = Debug|Any CPU
		{7C6F7F25-2FDB-401F-B1A9-D8CE3BB7308D}.Debug|Any CPU.Build.0 = Debug|Any CPU
		{7C6F7F25-2FDB-401F-B1A9-D8CE3BB7308D}.Release|Any CPU.ActiveCfg = Release|Any CPU
		{7C6F7F25-2FDB-401F-B1A9-D8CE3BB7308D}.Release|Any CPU.Build.0 = Release|Any CPU
	EndGlobalSection
	GlobalSection(SolutionProperties) = preSolution
		HideSolutionNode = FALSE
	EndGlobalSection
EndGlobal
